
Microsoft Visual Studio Solution File, Format Version 12.00
# Visual Studio Version 17
VisualStudioVersion = 17.0.31612.314
MinimumVisualStudioVersion = 10.0.40219.1
Project("{2150E333-8FDC-42A3-9474-1A3956D46DE8}") = "src", "src", "{5C245D31-DDED-4D39-BBC7-28E8403D5632}"
EndProject
Project("{2150E333-8FDC-42A3-9474-1A3956D46DE8}") = "test", "test", "{52429469-143F-45CC-9480-5E13339851A5}"
EndProject
Project("{9A19103F-16F7-4668-BE54-9A1E7A4F7556}") = "Simple.dotNet.Elasticsearch", "..\Simple.Elasticsearch\Simple.dotNet.Elasticsearch.csproj", "{F64221E6-A82A-47FD-A470-97F227101366}"
EndProject
Project("{9A19103F-16F7-4668-BE54-9A1E7A4F7556}") = "Simple.dotNet.Core", "..\Simple.dotNet.Core\Simple.dotNet.Core.csproj", "{59DE2D84-1C5C-4195-88D2-8E5D411718B3}"
EndProject
Project("{9A19103F-16F7-4668-BE54-9A1E7A4F7556}") = "Simple.dotNet.MySql", "..\Simple.dotNet.MySql\Simple.dotNet.MySql.csproj", "{0375DF84-4D94-41BE-ADAC-D3D1C51BD6BA}"
EndProject
Project("{9A19103F-16F7-4668-BE54-9A1E7A4F7556}") = "Simple.dotNet.RabbitMQ", "..\Simple.dotNet.RabbitMQ\Simple.dotNet.RabbitMQ.csproj", "{BCA1B901-CD3E-4764-A046-35BE58441C24}"
EndProject
Project("{9A19103F-16F7-4668-BE54-9A1E7A4F7556}") = "Simple.dotNet.Redis", "..\Simple.dotNet.Redis\Simple.dotNet.Redis.csproj", "{F8310768-399C-4B4C-B754-AC27ADD85564}"
EndProject
Project("{9A19103F-16F7-4668-BE54-9A1E7A4F7556}") = "Simple.dotNet.Sqlite", "..\Simple.dotNet.Sqlite\Simple.dotNet.Sqlite.csproj", "{F1261C26-4B41-4F49-A758-263D226F72F6}"
EndProject
Project("{9A19103F-16F7-4668-BE54-9A1E7A4F7556}") = "Simple.dotNet.Web", "..\Simple.dotNet.Web\Simple.dotNet.Web.csproj", "{0DC45E8E-0471-4916-BEED-A39938AFEB37}"
EndProject
Project("{9A19103F-16F7-4668-BE54-9A1E7A4F7556}") = "Simple.dotNet.ElasticSearch.Test", "test\Simple.ElasticSearch.Test\Simple.dotNet.ElasticSearch.Test.csproj", "{38B83350-A6AB-4084-9606-A97C59118E50}"
EndProject
Project("{9A19103F-16F7-4668-BE54-9A1E7A4F7556}") = "Simple.dotNet.MySql.Test", "test\Simple.MySql.Test\Simple.dotNet.MySql.Test.csproj", "{4686ADDF-C563-4C84-B861-A0ECE08D9D68}"
EndProject
Project("{9A19103F-16F7-4668-BE54-9A1E7A4F7556}") = "Simple.dotNet.RabbitMQ.Test", "test\Simple.RabbitMQ.Test\Simple.dotNet.RabbitMQ.Test.csproj", "{AD15C113-4F4E-447D-B5E0-B1FCF9EAD4BB}"
EndProject
Project("{9A19103F-16F7-4668-BE54-9A1E7A4F7556}") = "Simple.dotNet.Redis.Test", "test\Simple.Redis.Test\Simple.dotNet.Redis.Test.csproj", "{6AEF17E0-A88A-4D2C-B619-D10E4050317D}"
EndProject
Project("{9A19103F-16F7-4668-BE54-9A1E7A4F7556}") = "Simple.dotNet.Sqlite.Test", "test\Simple.Sqlite.Test\Simple.dotNet.Sqlite.Test.csproj", "{484FAC0D-7088-43AC-817E-DB0AE3985C02}"
EndProject
Project("{9A19103F-16F7-4668-BE54-9A1E7A4F7556}") = "Simple.dotNet.Core.Test", "test\Simple.dotNet.Core.Test\Simple.dotNet.Core.Test.csproj", "{07B87BB5-5E0E-4B89-9186-7DF428634063}"
EndProject
Global
	GlobalSection(SolutionConfigurationPlatforms) = preSolution
		Debug|Any CPU = Debug|Any CPU
		Release|Any CPU = Release|Any CPU
	EndGlobalSection
	GlobalSection(ProjectConfigurationPlatforms) = postSolution
		{F64221E6-A82A-47FD-A470-97F227101366}.Debug|Any CPU.ActiveCfg = Debug|Any CPU
		{F64221E6-A82A-47FD-A470-97F227101366}.Debug|Any CPU.Build.0 = Debug|Any CPU
		{F64221E6-A82A-47FD-A470-97F227101366}.Release|Any CPU.ActiveCfg = Release|Any CPU
		{F64221E6-A82A-47FD-A470-97F227101366}.Release|Any CPU.Build.0 = Release|Any CPU
		{59DE2D84-1C5C-4195-88D2-8E5D411718B3}.Debug|Any CPU.ActiveCfg = Debug|Any CPU
		{59DE2D84-1C5C-4195-88D2-8E5D411718B3}.Debug|Any CPU.Build.0 = Debug|Any CPU
		{59DE2D84-1C5C-4195-88D2-8E5D411718B3}.Release|Any CPU.ActiveCfg = Release|Any CPU
		{59DE2D84-1C5C-4195-88D2-8E5D411718B3}.Release|Any CPU.Build.0 = Release|Any CPU
		{0375DF84-4D94-41BE-ADAC-D3D1C51BD6BA}.Debug|Any CPU.ActiveCfg = Debug|Any CPU
		{0375DF84-4D94-41BE-ADAC-D3D1C51BD6BA}.Debug|Any CPU.Build.0 = Debug|Any CPU
		{0375DF84-4D94-41BE-ADAC-D3D1C51BD6BA}.Release|Any CPU.ActiveCfg = Release|Any CPU
		{0375DF84-4D94-41BE-ADAC-D3D1C51BD6BA}.Release|Any CPU.Build.0 = Release|Any CPU
		{BCA1B901-CD3E-4764-A046-35BE58441C24}.Debug|Any CPU.ActiveCfg = Debug|Any CPU
		{BCA1B901-CD3E-4764-A046-35BE58441C24}.Debug|Any CPU.Build.0 = Debug|Any CPU
		{BCA1B901-CD3E-4764-A046-35BE58441C24}.Release|Any CPU.ActiveCfg = Release|Any CPU
		{BCA1B901-CD3E-4764-A046-35BE58441C24}.Release|Any CPU.Build.0 = Release|Any CPU
		{F8310768-399C-4B4C-B754-AC27ADD85564}.Debug|Any CPU.ActiveCfg = Debug|Any CPU
		{F8310768-399C-4B4C-B754-AC27ADD85564}.Debug|Any CPU.Build.0 = Debug|Any CPU
		{F8310768-399C-4B4C-B754-AC27ADD85564}.Release|Any CPU.ActiveCfg = Release|Any CPU
		{F8310768-399C-4B4C-B754-AC27ADD85564}.Release|Any CPU.Build.0 = Release|Any CPU
		{F1261C26-4B41-4F49-A758-263D226F72F6}.Debug|Any CPU.ActiveCfg = Debug|Any CPU
		{F1261C26-4B41-4F49-A758-263D226F72F6}.Debug|Any CPU.Build.0 = Debug|Any CPU
		{F1261C26-4B41-4F49-A758-263D226F72F6}.Release|Any CPU.ActiveCfg = Release|Any CPU
		{F1261C26-4B41-4F49-A758-263D226F72F6}.Release|Any CPU.Build.0 = Release|Any CPU
		{0DC45E8E-0471-4916-BEED-A39938AFEB37}.Debug|Any CPU.ActiveCfg = Debug|Any CPU
		{0DC45E8E-0471-4916-BEED-A39938AFEB37}.Debug|Any CPU.Build.0 = Debug|Any CPU
		{0DC45E8E-0471-4916-BEED-A39938AFEB37}.Release|Any CPU.ActiveCfg = Release|Any CPU
		{0DC45E8E-0471-4916-BEED-A39938AFEB37}.Release|Any CPU.Build.0 = Release|Any CPU
		{38B83350-A6AB-4084-9606-A97C59118E50}.Debug|Any CPU.ActiveCfg = Debug|Any CPU
		{38B83350-A6AB-4084-9606-A97C59118E50}.Debug|Any CPU.Build.0 = Debug|Any CPU
		{38B83350-A6AB-4084-9606-A97C59118E50}.Release|Any CPU.ActiveCfg = Release|Any CPU
		{38B83350-A6AB-4084-9606-A97C59118E50}.Release|Any CPU.Build.0 = Release|Any CPU
		{4686ADDF-C563-4C84-B861-A0ECE08D9D68}.Debug|Any CPU.ActiveCfg = Debug|Any CPU
		{4686ADDF-C563-4C84-B861-A0ECE08D9D68}.Debug|Any CPU.Build.0 = Debug|Any CPU
		{4686ADDF-C563-4C84-B861-A0ECE08D9D68}.Release|Any CPU.ActiveCfg = Release|Any CPU
		{4686ADDF-C563-4C84-B861-A0ECE08D9D68}.Release|Any CPU.Build.0 = Release|Any CPU
		{AD15C113-4F4E-447D-B5E0-B1FCF9EAD4BB}.Debug|Any CPU.ActiveCfg = Debug|Any CPU
		{AD15C113-4F4E-447D-B5E0-B1FCF9EAD4BB}.Debug|Any CPU.Build.0 = Debug|Any CPU
		{AD15C113-4F4E-447D-B5E0-B1FCF9EAD4BB}.Release|Any CPU.ActiveCfg = Release|Any CPU
		{AD15C113-4F4E-447D-B5E0-B1FCF9EAD4BB}.Release|Any CPU.Build.0 = Release|Any CPU
		{6AEF17E0-A88A-4D2C-B619-D10E4050317D}.Debug|Any CPU.ActiveCfg = Debug|Any CPU
		{6AEF17E0-A88A-4D2C-B619-D10E4050317D}.Debug|Any CPU.Build.0 = Debug|Any CPU
		{6AEF17E0-A88A-4D2C-B619-D10E4050317D}.Release|Any CPU.ActiveCfg = Release|Any CPU
		{6AEF17E0-A88A-4D2C-B619-D10E4050317D}.Release|Any CPU.Build.0 = Release|Any CPU
		{484FAC0D-7088-43AC-817E-DB0AE3985C02}.Debug|Any CPU.ActiveCfg = Debug|Any CPU
		{484FAC0D-7088-43AC-817E-DB0AE3985C02}.Debug|Any CPU.Build.0 = Debug|Any CPU
		{484FAC0D-7088-43AC-817E-DB0AE3985C02}.Release|Any CPU.ActiveCfg = Release|Any CPU
		{484FAC0D-7088-43AC-817E-DB0AE3985C02}.Release|Any CPU.Build.0 = Release|Any CPU
		{07B87BB5-5E0E-4B89-9186-7DF428634063}.Debug|Any CPU.ActiveCfg = Debug|Any CPU
		{07B87BB5-5E0E-4B89-9186-7DF428634063}.Debug|Any CPU.Build.0 = Debug|Any CPU
		{07B87BB5-5E0E-4B89-9186-7DF428634063}.Release|Any CPU.ActiveCfg = Release|Any CPU
		{07B87BB5-5E0E-4B89-9186-7DF428634063}.Release|Any CPU.Build.0 = Release|Any CPU
	EndGlobalSection
	GlobalSection(SolutionProperties) = preSolution
		HideSolutionNode = FALSE
	EndGlobalSection
	GlobalSection(NestedProjects) = preSolution
		{F64221E6-A82A-47FD-A470-97F227101366} = {5C245D31-DDED-4D39-BBC7-28E8403D5632}
		{59DE2D84-1C5C-4195-88D2-8E5D411718B3} = {5C245D31-DDED-4D39-BBC7-28E8403D5632}
		{0375DF84-4D94-41BE-ADAC-D3D1C51BD6BA} = {5C245D31-DDED-4D39-BBC7-28E8403D5632}
		{BCA1B901-CD3E-4764-A046-35BE58441C24} = {5C245D31-DDED-4D39-BBC7-28E8403D5632}
		{F8310768-399C-4B4C-B754-AC27ADD85564} = {5C245D31-DDED-4D39-BBC7-28E8403D5632}
		{F1261C26-4B41-4F49-A758-263D226F72F6} = {5C245D31-DDED-4D39-BBC7-28E8403D5632}
		{0DC45E8E-0471-4916-BEED-A39938AFEB37} = {5C245D31-DDED-4D39-BBC7-28E8403D5632}
		{38B83350-A6AB-4084-9606-A97C59118E50} = {52429469-143F-45CC-9480-5E13339851A5}
		{4686ADDF-C563-4C84-B861-A0ECE08D9D68} = {52429469-143F-45CC-9480-5E13339851A5}
		{AD15C113-4F4E-447D-B5E0-B1FCF9EAD4BB} = {52429469-143F-45CC-9480-5E13339851A5}
		{6AEF17E0-A88A-4D2C-B619-D10E4050317D} = {52429469-143F-45CC-9480-5E13339851A5}
		{484FAC0D-7088-43AC-817E-DB0AE3985C02} = {52429469-143F-45CC-9480-5E13339851A5}
		{07B87BB5-5E0E-4B89-9186-7DF428634063} = {52429469-143F-45CC-9480-5E13339851A5}
	EndGlobalSection
	GlobalSection(ExtensibilityGlobals) = postSolution
		SolutionGuid = {0DD327F2-3B1F-4726-9C61-72AE2099C521}
	EndGlobalSection
EndGlobal
