
Microsoft Visual Studio Solution File, Format Version 12.00
# Visual Studio Version 17
VisualStudioVersion = 17.0.31612.314
MinimumVisualStudioVersion = 10.0.40219.1
Project("{2150E333-8FDC-42A3-9474-1A3956D46DE8}") = "src", "src", "{5C245D31-DDED-4D39-BBC7-28E8403D5632}"
EndProject
Project("{2150E333-8FDC-42A3-9474-1A3956D46DE8}") = "test", "test", "{52429469-143F-45CC-9480-5E13339851A5}"
EndProject
Project("{9A19103F-16F7-4668-BE54-9A1E7A4F7556}") = "Simple.dotNet.ElasticSearch.Test", "test\Simple.ElasticSearch.Test\Simple.dotNet.ElasticSearch.Test.csproj", "{38B83350-A6AB-4084-9606-A97C59118E50}"
EndProject
Project("{9A19103F-16F7-4668-BE54-9A1E7A4F7556}") = "Simple.dotNet.Core.Test", "test\Simple.dotNet.Core.Test\Simple.dotNet.Core.Test.csproj", "{07B87BB5-5E0E-4B89-9186-7DF428634063}"
EndProject
Project("{9A19103F-16F7-4668-BE54-9A1E7A4F7556}") = "Simple.dotNet.Core", "src\Simple.dotNet.Core\Simple.dotNet.Core.csproj", "{8B7C4D75-5469-413E-B324-76854AF83089}"
EndProject
Project("{9A19103F-16F7-4668-BE54-9A1E7A4F7556}") = "Simple.dotNet.Elasticsearch", "src\Simple.dotNet.Elasticsearch\Simple.dotNet.Elasticsearch.csproj", "{39DA2D7F-AC26-4F24-A255-3A031F29C9D3}"
EndProject
Project("{9A19103F-16F7-4668-BE54-9A1E7A4F7556}") = "Simple.dotNet.MySql", "src\Simple.dotNet.MySql\Simple.dotNet.MySql.csproj", "{D66B0FD2-9FCD-4DBA-B547-77F1AB0B1BD3}"
EndProject
Project("{9A19103F-16F7-4668-BE54-9A1E7A4F7556}") = "Simple.dotNet.RabbitMQ", "src\Simple.dotNet.RabbitMQ\Simple.dotNet.RabbitMQ.csproj", "{DDAFC6E1-BBF6-4EEF-89EE-453D67278C2D}"
EndProject
Project("{9A19103F-16F7-4668-BE54-9A1E7A4F7556}") = "Simple.dotNet.Redis", "src\Simple.dotNet.Redis\Simple.dotNet.Redis.csproj", "{4527DC93-4B15-4A35-B960-FFF282AE2838}"
EndProject
Project("{9A19103F-16F7-4668-BE54-9A1E7A4F7556}") = "Simple.dotNet.Sqlite", "src\Simple.dotNet.Sqlite\Simple.dotNet.Sqlite.csproj", "{02585614-F383-4DAB-9A6D-6B0D6326190F}"
EndProject
Project("{9A19103F-16F7-4668-BE54-9A1E7A4F7556}") = "Simple.dotNet.Web", "src\Simple.dotNet.Web\Simple.dotNet.Web.csproj", "{BD5DE0D6-16A9-4E8D-B6DF-D357AA70F1EB}"
EndProject
Project("{9A19103F-16F7-4668-BE54-9A1E7A4F7556}") = "Simple.dotNet.MySql.Test", "test\Simple.dotNet.MySql.Test\Simple.dotNet.MySql.Test.csproj", "{33A4BE34-0A02-4EB6-968B-1D851FC4AA2C}"
EndProject
Project("{9A19103F-16F7-4668-BE54-9A1E7A4F7556}") = "Simple.dotNet.RabbitMQ.Test", "test\Simple.dotNet.RabbitMQ.Test\Simple.dotNet.RabbitMQ.Test.csproj", "{E6DDEAD1-8017-4694-A17A-9075A5687C5A}"
EndProject
Project("{9A19103F-16F7-4668-BE54-9A1E7A4F7556}") = "Simple.dotNet.Redis.Test", "test\Simple.dotNet.Redis.Test\Simple.dotNet.Redis.Test.csproj", "{767CE7ED-CB1F-4C55-9203-EA7E072CA0D2}"
EndProject
Project("{9A19103F-16F7-4668-BE54-9A1E7A4F7556}") = "Simple.dotNet.Sqlite.Test", "test\Simple.dotNet.Sqlite.Test\Simple.dotNet.Sqlite.Test.csproj", "{7CBBE0E6-726E-4407-B68A-9D1ADA5FCC02}"
EndProject
Project("{2150E333-8FDC-42A3-9474-1A3956D46DE8}") = "console", "console", "{E26914D3-5C8F-4B3C-A262-A55E6A55BDC7}"
EndProject
Project("{9A19103F-16F7-4668-BE54-9A1E7A4F7556}") = "Simple.RabbitMQ.Test", "console\Simple.RabbitMQ\Simple.RabbitMQ.Test.csproj", "{0FB6E75B-00CD-4E47-B039-96197E470A4C}"
EndProject
Project("{9A19103F-16F7-4668-BE54-9A1E7A4F7556}") = "Simple.dotNet.MongoDB", "src\Simple.dotNet.MongoDB\Simple.dotNet.MongoDB.csproj", "{2D93867D-2792-4A56-9DB3-CD89875FB3B7}"
EndProject
Project("{9A19103F-16F7-4668-BE54-9A1E7A4F7556}") = "Simple.MongoDB.Test", "console\Simple.MongoDB.Test\Simple.MongoDB.Test.csproj", "{8DC12455-79C5-4998-8BED-2C0F6489535D}"
EndProject
Project("{FAE04EC0-301F-11D3-BF4B-00C04F79EFBC}") = "Simple.Core.Test", "console\Simple.Core.Test\Simple.Core.Test.csproj", "{F22EAD5A-B61D-4EC4-99C7-1FCC3BF39C84}"
EndProject
Global
	GlobalSection(SolutionConfigurationPlatforms) = preSolution
		Debug|Any CPU = Debug|Any CPU
		Release|Any CPU = Release|Any CPU
	EndGlobalSection
	GlobalSection(ProjectConfigurationPlatforms) = postSolution
		{38B83350-A6AB-4084-9606-A97C59118E50}.Debug|Any CPU.ActiveCfg = Debug|Any CPU
		{38B83350-A6AB-4084-9606-A97C59118E50}.Debug|Any CPU.Build.0 = Debug|Any CPU
		{38B83350-A6AB-4084-9606-A97C59118E50}.Release|Any CPU.ActiveCfg = Release|Any CPU
		{38B83350-A6AB-4084-9606-A97C59118E50}.Release|Any CPU.Build.0 = Release|Any CPU
		{07B87BB5-5E0E-4B89-9186-7DF428634063}.Debug|Any CPU.ActiveCfg = Debug|Any CPU
		{07B87BB5-5E0E-4B89-9186-7DF428634063}.Debug|Any CPU.Build.0 = Debug|Any CPU
		{07B87BB5-5E0E-4B89-9186-7DF428634063}.Release|Any CPU.ActiveCfg = Release|Any CPU
		{07B87BB5-5E0E-4B89-9186-7DF428634063}.Release|Any CPU.Build.0 = Release|Any CPU
		{8B7C4D75-5469-413E-B324-76854AF83089}.Debug|Any CPU.ActiveCfg = Debug|Any CPU
		{8B7C4D75-5469-413E-B324-76854AF83089}.Debug|Any CPU.Build.0 = Debug|Any CPU
		{8B7C4D75-5469-413E-B324-76854AF83089}.Release|Any CPU.ActiveCfg = Release|Any CPU
		{8B7C4D75-5469-413E-B324-76854AF83089}.Release|Any CPU.Build.0 = Release|Any CPU
		{39DA2D7F-AC26-4F24-A255-3A031F29C9D3}.Debug|Any CPU.ActiveCfg = Debug|Any CPU
		{39DA2D7F-AC26-4F24-A255-3A031F29C9D3}.Debug|Any CPU.Build.0 = Debug|Any CPU
		{39DA2D7F-AC26-4F24-A255-3A031F29C9D3}.Release|Any CPU.ActiveCfg = Release|Any CPU
		{39DA2D7F-AC26-4F24-A255-3A031F29C9D3}.Release|Any CPU.Build.0 = Release|Any CPU
		{D66B0FD2-9FCD-4DBA-B547-77F1AB0B1BD3}.Debug|Any CPU.ActiveCfg = Debug|Any CPU
		{D66B0FD2-9FCD-4DBA-B547-77F1AB0B1BD3}.Debug|Any CPU.Build.0 = Debug|Any CPU
		{D66B0FD2-9FCD-4DBA-B547-77F1AB0B1BD3}.Release|Any CPU.ActiveCfg = Release|Any CPU
		{D66B0FD2-9FCD-4DBA-B547-77F1AB0B1BD3}.Release|Any CPU.Build.0 = Release|Any CPU
		{DDAFC6E1-BBF6-4EEF-89EE-453D67278C2D}.Debug|Any CPU.ActiveCfg = Debug|Any CPU
		{DDAFC6E1-BBF6-4EEF-89EE-453D67278C2D}.Debug|Any CPU.Build.0 = Debug|Any CPU
		{DDAFC6E1-BBF6-4EEF-89EE-453D67278C2D}.Release|Any CPU.ActiveCfg = Release|Any CPU
		{DDAFC6E1-BBF6-4EEF-89EE-453D67278C2D}.Release|Any CPU.Build.0 = Release|Any CPU
		{4527DC93-4B15-4A35-B960-FFF282AE2838}.Debug|Any CPU.ActiveCfg = Debug|Any CPU
		{4527DC93-4B15-4A35-B960-FFF282AE2838}.Debug|Any CPU.Build.0 = Debug|Any CPU
		{4527DC93-4B15-4A35-B960-FFF282AE2838}.Release|Any CPU.ActiveCfg = Release|Any CPU
		{4527DC93-4B15-4A35-B960-FFF282AE2838}.Release|Any CPU.Build.0 = Release|Any CPU
		{02585614-F383-4DAB-9A6D-6B0D6326190F}.Debug|Any CPU.ActiveCfg = Debug|Any CPU
		{02585614-F383-4DAB-9A6D-6B0D6326190F}.Debug|Any CPU.Build.0 = Debug|Any CPU
		{02585614-F383-4DAB-9A6D-6B0D6326190F}.Release|Any CPU.ActiveCfg = Release|Any CPU
		{02585614-F383-4DAB-9A6D-6B0D6326190F}.Release|Any CPU.Build.0 = Release|Any CPU
		{BD5DE0D6-16A9-4E8D-B6DF-D357AA70F1EB}.Debug|Any CPU.ActiveCfg = Debug|Any CPU
		{BD5DE0D6-16A9-4E8D-B6DF-D357AA70F1EB}.Debug|Any CPU.Build.0 = Debug|Any CPU
		{BD5DE0D6-16A9-4E8D-B6DF-D357AA70F1EB}.Release|Any CPU.ActiveCfg = Release|Any CPU
		{BD5DE0D6-16A9-4E8D-B6DF-D357AA70F1EB}.Release|Any CPU.Build.0 = Release|Any CPU
		{33A4BE34-0A02-4EB6-968B-1D851FC4AA2C}.Debug|Any CPU.ActiveCfg = Debug|Any CPU
		{33A4BE34-0A02-4EB6-968B-1D851FC4AA2C}.Debug|Any CPU.Build.0 = Debug|Any CPU
		{33A4BE34-0A02-4EB6-968B-1D851FC4AA2C}.Release|Any CPU.ActiveCfg = Release|Any CPU
		{33A4BE34-0A02-4EB6-968B-1D851FC4AA2C}.Release|Any CPU.Build.0 = Release|Any CPU
		{E6DDEAD1-8017-4694-A17A-9075A5687C5A}.Debug|Any CPU.ActiveCfg = Debug|Any CPU
		{E6DDEAD1-8017-4694-A17A-9075A5687C5A}.Debug|Any CPU.Build.0 = Debug|Any CPU
		{E6DDEAD1-8017-4694-A17A-9075A5687C5A}.Release|Any CPU.ActiveCfg = Release|Any CPU
		{E6DDEAD1-8017-4694-A17A-9075A5687C5A}.Release|Any CPU.Build.0 = Release|Any CPU
		{767CE7ED-CB1F-4C55-9203-EA7E072CA0D2}.Debug|Any CPU.ActiveCfg = Debug|Any CPU
		{767CE7ED-CB1F-4C55-9203-EA7E072CA0D2}.Debug|Any CPU.Build.0 = Debug|Any CPU
		{767CE7ED-CB1F-4C55-9203-EA7E072CA0D2}.Release|Any CPU.ActiveCfg = Release|Any CPU
		{767CE7ED-CB1F-4C55-9203-EA7E072CA0D2}.Release|Any CPU.Build.0 = Release|Any CPU
		{7CBBE0E6-726E-4407-B68A-9D1ADA5FCC02}.Debug|Any CPU.ActiveCfg = Debug|Any CPU
		{7CBBE0E6-726E-4407-B68A-9D1ADA5FCC02}.Debug|Any CPU.Build.0 = Debug|Any CPU
		{7CBBE0E6-726E-4407-B68A-9D1ADA5FCC02}.Release|Any CPU.ActiveCfg = Release|Any CPU
		{7CBBE0E6-726E-4407-B68A-9D1ADA5FCC02}.Release|Any CPU.Build.0 = Release|Any CPU
		{0FB6E75B-00CD-4E47-B039-96197E470A4C}.Debug|Any CPU.ActiveCfg = Debug|Any CPU
		{0FB6E75B-00CD-4E47-B039-96197E470A4C}.Debug|Any CPU.Build.0 = Debug|Any CPU
		{0FB6E75B-00CD-4E47-B039-96197E470A4C}.Release|Any CPU.ActiveCfg = Release|Any CPU
		{0FB6E75B-00CD-4E47-B039-96197E470A4C}.Release|Any CPU.Build.0 = Release|Any CPU
		{2D93867D-2792-4A56-9DB3-CD89875FB3B7}.Debug|Any CPU.ActiveCfg = Debug|Any CPU
		{2D93867D-2792-4A56-9DB3-CD89875FB3B7}.Debug|Any CPU.Build.0 = Debug|Any CPU
		{2D93867D-2792-4A56-9DB3-CD89875FB3B7}.Release|Any CPU.ActiveCfg = Release|Any CPU
		{2D93867D-2792-4A56-9DB3-CD89875FB3B7}.Release|Any CPU.Build.0 = Release|Any CPU
		{8DC12455-79C5-4998-8BED-2C0F6489535D}.Debug|Any CPU.ActiveCfg = Debug|Any CPU
		{8DC12455-79C5-4998-8BED-2C0F6489535D}.Debug|Any CPU.Build.0 = Debug|Any CPU
		{8DC12455-79C5-4998-8BED-2C0F6489535D}.Release|Any CPU.ActiveCfg = Release|Any CPU
		{8DC12455-79C5-4998-8BED-2C0F6489535D}.Release|Any CPU.Build.0 = Release|Any CPU
		{F22EAD5A-B61D-4EC4-99C7-1FCC3BF39C84}.Debug|Any CPU.ActiveCfg = Debug|Any CPU
		{F22EAD5A-B61D-4EC4-99C7-1FCC3BF39C84}.Debug|Any CPU.Build.0 = Debug|Any CPU
		{F22EAD5A-B61D-4EC4-99C7-1FCC3BF39C84}.Release|Any CPU.ActiveCfg = Release|Any CPU
		{F22EAD5A-B61D-4EC4-99C7-1FCC3BF39C84}.Release|Any CPU.Build.0 = Release|Any CPU
	EndGlobalSection
	GlobalSection(SolutionProperties) = preSolution
		HideSolutionNode = FALSE
	EndGlobalSection
	GlobalSection(NestedProjects) = preSolution
		{38B83350-A6AB-4084-9606-A97C59118E50} = {52429469-143F-45CC-9480-5E13339851A5}
		{07B87BB5-5E0E-4B89-9186-7DF428634063} = {52429469-143F-45CC-9480-5E13339851A5}
		{8B7C4D75-5469-413E-B324-76854AF83089} = {5C245D31-DDED-4D39-BBC7-28E8403D5632}
		{39DA2D7F-AC26-4F24-A255-3A031F29C9D3} = {5C245D31-DDED-4D39-BBC7-28E8403D5632}
		{D66B0FD2-9FCD-4DBA-B547-77F1AB0B1BD3} = {5C245D31-DDED-4D39-BBC7-28E8403D5632}
		{DDAFC6E1-BBF6-4EEF-89EE-453D67278C2D} = {5C245D31-DDED-4D39-BBC7-28E8403D5632}
		{4527DC93-4B15-4A35-B960-FFF282AE2838} = {5C245D31-DDED-4D39-BBC7-28E8403D5632}
		{02585614-F383-4DAB-9A6D-6B0D6326190F} = {5C245D31-DDED-4D39-BBC7-28E8403D5632}
		{BD5DE0D6-16A9-4E8D-B6DF-D357AA70F1EB} = {5C245D31-DDED-4D39-BBC7-28E8403D5632}
		{33A4BE34-0A02-4EB6-968B-1D851FC4AA2C} = {52429469-143F-45CC-9480-5E13339851A5}
		{E6DDEAD1-8017-4694-A17A-9075A5687C5A} = {52429469-143F-45CC-9480-5E13339851A5}
		{767CE7ED-CB1F-4C55-9203-EA7E072CA0D2} = {52429469-143F-45CC-9480-5E13339851A5}
		{7CBBE0E6-726E-4407-B68A-9D1ADA5FCC02} = {52429469-143F-45CC-9480-5E13339851A5}
		{0FB6E75B-00CD-4E47-B039-96197E470A4C} = {E26914D3-5C8F-4B3C-A262-A55E6A55BDC7}
		{2D93867D-2792-4A56-9DB3-CD89875FB3B7} = {5C245D31-DDED-4D39-BBC7-28E8403D5632}
		{8DC12455-79C5-4998-8BED-2C0F6489535D} = {E26914D3-5C8F-4B3C-A262-A55E6A55BDC7}
		{F22EAD5A-B61D-4EC4-99C7-1FCC3BF39C84} = {E26914D3-5C8F-4B3C-A262-A55E6A55BDC7}
	EndGlobalSection
	GlobalSection(ExtensibilityGlobals) = postSolution
		SolutionGuid = {0DD327F2-3B1F-4726-9C61-72AE2099C521}
	EndGlobalSection
EndGlobal
