
Microsoft Visual Studio Solution File, Format Version 12.00
# Visual Studio Version 17
VisualStudioVersion = 17.0.31612.314
MinimumVisualStudioVersion = 10.0.40219.1
Project("{2150E333-8FDC-42A3-9474-1A3956D46DE8}") = "src", "src", "{5C245D31-DDED-4D39-BBC7-28E8403D5632}"
EndProject
Project("{2150E333-8FDC-42A3-9474-1A3956D46DE8}") = "test", "test", "{52429469-143F-45CC-9480-5E13339851A5}"
EndProject
Project("{9A19103F-16F7-4668-BE54-9A1E7A4F7556}") = "Simple.Elasticsearch", "..\Simple.Elasticsearch\Simple.Elasticsearch.csproj", "{F64221E6-A82A-47FD-A470-97F227101366}"
EndProject
Project("{9A19103F-16F7-4668-BE54-9A1E7A4F7556}") = "Simple.MySql", "..\Simple.MySql\Simple.MySql.csproj", "{8E4D6485-C7A4-4DD7-A911-396AB8EE7761}"
EndProject
Project("{9A19103F-16F7-4668-BE54-9A1E7A4F7556}") = "Simple.RabbitMQ", "..\Simple.RabbitMQ\Simple.RabbitMQ.csproj", "{E37B4380-0B2D-43DD-9ECD-798B1E1800A9}"
EndProject
Project("{9A19103F-16F7-4668-BE54-9A1E7A4F7556}") = "Simple.Redis", "..\Simple.Redis\Simple.Redis.csproj", "{D661E458-61EB-41C9-8252-1D0F71624D29}"
EndProject
Project("{9A19103F-16F7-4668-BE54-9A1E7A4F7556}") = "Simple.Sqlite", "..\Simple.Sqlite\Simple.Sqlite.csproj", "{729D28C9-AF32-467F-99A1-5294FC87D9D3}"
EndProject
Project("{9A19103F-16F7-4668-BE54-9A1E7A4F7556}") = "Simple.Core.Test", "Simple.Core.Test\Simple.Core.Test.csproj", "{AB2B16AD-75FC-4728-AE77-772819CE43C8}"
EndProject
Project("{9A19103F-16F7-4668-BE54-9A1E7A4F7556}") = "Simple.ElasticSearch.Test", "Simple.ElasticSearch.Test\Simple.ElasticSearch.Test.csproj", "{DB40CA86-C176-4F98-887E-13E28C9AFEE3}"
EndProject
Project("{9A19103F-16F7-4668-BE54-9A1E7A4F7556}") = "Simple.MySql.Test", "Simple.MySql.Test\Simple.MySql.Test.csproj", "{7F6CB341-6ADA-4280-B3EF-41B2ABC6529B}"
EndProject
Project("{9A19103F-16F7-4668-BE54-9A1E7A4F7556}") = "Simple.RabbitMQ.Test", "Simple.RabbitMQ.Test\Simple.RabbitMQ.Test.csproj", "{8DFBC950-A273-4F48-82F4-CD5FA388918C}"
EndProject
Project("{9A19103F-16F7-4668-BE54-9A1E7A4F7556}") = "Simple.Redis.Test", "Simple.Redis.Test\Simple.Redis.Test.csproj", "{3964EB0A-69A8-4AB9-A4F3-B22173798EA3}"
EndProject
Project("{9A19103F-16F7-4668-BE54-9A1E7A4F7556}") = "Simple.Sqlite.Test", "Simple.Sqlite.Test\Simple.Sqlite.Test.csproj", "{FA5646AE-54F2-4C42-82C2-C1C89406F4B1}"
EndProject
Project("{9A19103F-16F7-4668-BE54-9A1E7A4F7556}") = "Simple.Web", "..\Simple.Web\Simple.Web.csproj", "{A3CD357E-00BF-4F8A-82C0-2BDEF4CDE1A4}"
EndProject
Project("{9A19103F-16F7-4668-BE54-9A1E7A4F7556}") = "Simple.Net", "..\Simple.Net\Simple.Net.csproj", "{98453769-DD86-4B40-918A-FC7E24B0880A}"
EndProject
Global
	GlobalSection(SolutionConfigurationPlatforms) = preSolution
		Debug|Any CPU = Debug|Any CPU
		Release|Any CPU = Release|Any CPU
	EndGlobalSection
	GlobalSection(ProjectConfigurationPlatforms) = postSolution
		{F64221E6-A82A-47FD-A470-97F227101366}.Debug|Any CPU.ActiveCfg = Debug|Any CPU
		{F64221E6-A82A-47FD-A470-97F227101366}.Debug|Any CPU.Build.0 = Debug|Any CPU
		{F64221E6-A82A-47FD-A470-97F227101366}.Release|Any CPU.ActiveCfg = Release|Any CPU
		{F64221E6-A82A-47FD-A470-97F227101366}.Release|Any CPU.Build.0 = Release|Any CPU
		{8E4D6485-C7A4-4DD7-A911-396AB8EE7761}.Debug|Any CPU.ActiveCfg = Debug|Any CPU
		{8E4D6485-C7A4-4DD7-A911-396AB8EE7761}.Debug|Any CPU.Build.0 = Debug|Any CPU
		{8E4D6485-C7A4-4DD7-A911-396AB8EE7761}.Release|Any CPU.ActiveCfg = Release|Any CPU
		{8E4D6485-C7A4-4DD7-A911-396AB8EE7761}.Release|Any CPU.Build.0 = Release|Any CPU
		{E37B4380-0B2D-43DD-9ECD-798B1E1800A9}.Debug|Any CPU.ActiveCfg = Debug|Any CPU
		{E37B4380-0B2D-43DD-9ECD-798B1E1800A9}.Debug|Any CPU.Build.0 = Debug|Any CPU
		{E37B4380-0B2D-43DD-9ECD-798B1E1800A9}.Release|Any CPU.ActiveCfg = Release|Any CPU
		{E37B4380-0B2D-43DD-9ECD-798B1E1800A9}.Release|Any CPU.Build.0 = Release|Any CPU
		{D661E458-61EB-41C9-8252-1D0F71624D29}.Debug|Any CPU.ActiveCfg = Debug|Any CPU
		{D661E458-61EB-41C9-8252-1D0F71624D29}.Debug|Any CPU.Build.0 = Debug|Any CPU
		{D661E458-61EB-41C9-8252-1D0F71624D29}.Release|Any CPU.ActiveCfg = Release|Any CPU
		{D661E458-61EB-41C9-8252-1D0F71624D29}.Release|Any CPU.Build.0 = Release|Any CPU
		{729D28C9-AF32-467F-99A1-5294FC87D9D3}.Debug|Any CPU.ActiveCfg = Debug|Any CPU
		{729D28C9-AF32-467F-99A1-5294FC87D9D3}.Debug|Any CPU.Build.0 = Debug|Any CPU
		{729D28C9-AF32-467F-99A1-5294FC87D9D3}.Release|Any CPU.ActiveCfg = Release|Any CPU
		{729D28C9-AF32-467F-99A1-5294FC87D9D3}.Release|Any CPU.Build.0 = Release|Any CPU
		{AB2B16AD-75FC-4728-AE77-772819CE43C8}.Debug|Any CPU.ActiveCfg = Debug|Any CPU
		{AB2B16AD-75FC-4728-AE77-772819CE43C8}.Debug|Any CPU.Build.0 = Debug|Any CPU
		{AB2B16AD-75FC-4728-AE77-772819CE43C8}.Release|Any CPU.ActiveCfg = Release|Any CPU
		{AB2B16AD-75FC-4728-AE77-772819CE43C8}.Release|Any CPU.Build.0 = Release|Any CPU
		{DB40CA86-C176-4F98-887E-13E28C9AFEE3}.Debug|Any CPU.ActiveCfg = Debug|Any CPU
		{DB40CA86-C176-4F98-887E-13E28C9AFEE3}.Debug|Any CPU.Build.0 = Debug|Any CPU
		{DB40CA86-C176-4F98-887E-13E28C9AFEE3}.Release|Any CPU.ActiveCfg = Release|Any CPU
		{DB40CA86-C176-4F98-887E-13E28C9AFEE3}.Release|Any CPU.Build.0 = Release|Any CPU
		{7F6CB341-6ADA-4280-B3EF-41B2ABC6529B}.Debug|Any CPU.ActiveCfg = Debug|Any CPU
		{7F6CB341-6ADA-4280-B3EF-41B2ABC6529B}.Debug|Any CPU.Build.0 = Debug|Any CPU
		{7F6CB341-6ADA-4280-B3EF-41B2ABC6529B}.Release|Any CPU.ActiveCfg = Release|Any CPU
		{7F6CB341-6ADA-4280-B3EF-41B2ABC6529B}.Release|Any CPU.Build.0 = Release|Any CPU
		{8DFBC950-A273-4F48-82F4-CD5FA388918C}.Debug|Any CPU.ActiveCfg = Debug|Any CPU
		{8DFBC950-A273-4F48-82F4-CD5FA388918C}.Debug|Any CPU.Build.0 = Debug|Any CPU
		{8DFBC950-A273-4F48-82F4-CD5FA388918C}.Release|Any CPU.ActiveCfg = Release|Any CPU
		{8DFBC950-A273-4F48-82F4-CD5FA388918C}.Release|Any CPU.Build.0 = Release|Any CPU
		{3964EB0A-69A8-4AB9-A4F3-B22173798EA3}.Debug|Any CPU.ActiveCfg = Debug|Any CPU
		{3964EB0A-69A8-4AB9-A4F3-B22173798EA3}.Debug|Any CPU.Build.0 = Debug|Any CPU
		{3964EB0A-69A8-4AB9-A4F3-B22173798EA3}.Release|Any CPU.ActiveCfg = Release|Any CPU
		{3964EB0A-69A8-4AB9-A4F3-B22173798EA3}.Release|Any CPU.Build.0 = Release|Any CPU
		{FA5646AE-54F2-4C42-82C2-C1C89406F4B1}.Debug|Any CPU.ActiveCfg = Debug|Any CPU
		{FA5646AE-54F2-4C42-82C2-C1C89406F4B1}.Debug|Any CPU.Build.0 = Debug|Any CPU
		{FA5646AE-54F2-4C42-82C2-C1C89406F4B1}.Release|Any CPU.ActiveCfg = Release|Any CPU
		{FA5646AE-54F2-4C42-82C2-C1C89406F4B1}.Release|Any CPU.Build.0 = Release|Any CPU
		{A3CD357E-00BF-4F8A-82C0-2BDEF4CDE1A4}.Debug|Any CPU.ActiveCfg = Debug|Any CPU
		{A3CD357E-00BF-4F8A-82C0-2BDEF4CDE1A4}.Debug|Any CPU.Build.0 = Debug|Any CPU
		{A3CD357E-00BF-4F8A-82C0-2BDEF4CDE1A4}.Release|Any CPU.ActiveCfg = Release|Any CPU
		{A3CD357E-00BF-4F8A-82C0-2BDEF4CDE1A4}.Release|Any CPU.Build.0 = Release|Any CPU
		{98453769-DD86-4B40-918A-FC7E24B0880A}.Debug|Any CPU.ActiveCfg = Debug|Any CPU
		{98453769-DD86-4B40-918A-FC7E24B0880A}.Debug|Any CPU.Build.0 = Debug|Any CPU
		{98453769-DD86-4B40-918A-FC7E24B0880A}.Release|Any CPU.ActiveCfg = Release|Any CPU
		{98453769-DD86-4B40-918A-FC7E24B0880A}.Release|Any CPU.Build.0 = Release|Any CPU
	EndGlobalSection
	GlobalSection(SolutionProperties) = preSolution
		HideSolutionNode = FALSE
	EndGlobalSection
	GlobalSection(NestedProjects) = preSolution
		{F64221E6-A82A-47FD-A470-97F227101366} = {5C245D31-DDED-4D39-BBC7-28E8403D5632}
		{8E4D6485-C7A4-4DD7-A911-396AB8EE7761} = {5C245D31-DDED-4D39-BBC7-28E8403D5632}
		{E37B4380-0B2D-43DD-9ECD-798B1E1800A9} = {5C245D31-DDED-4D39-BBC7-28E8403D5632}
		{D661E458-61EB-41C9-8252-1D0F71624D29} = {5C245D31-DDED-4D39-BBC7-28E8403D5632}
		{729D28C9-AF32-467F-99A1-5294FC87D9D3} = {5C245D31-DDED-4D39-BBC7-28E8403D5632}
		{AB2B16AD-75FC-4728-AE77-772819CE43C8} = {52429469-143F-45CC-9480-5E13339851A5}
		{DB40CA86-C176-4F98-887E-13E28C9AFEE3} = {52429469-143F-45CC-9480-5E13339851A5}
		{7F6CB341-6ADA-4280-B3EF-41B2ABC6529B} = {52429469-143F-45CC-9480-5E13339851A5}
		{8DFBC950-A273-4F48-82F4-CD5FA388918C} = {52429469-143F-45CC-9480-5E13339851A5}
		{3964EB0A-69A8-4AB9-A4F3-B22173798EA3} = {52429469-143F-45CC-9480-5E13339851A5}
		{FA5646AE-54F2-4C42-82C2-C1C89406F4B1} = {52429469-143F-45CC-9480-5E13339851A5}
		{A3CD357E-00BF-4F8A-82C0-2BDEF4CDE1A4} = {5C245D31-DDED-4D39-BBC7-28E8403D5632}
		{98453769-DD86-4B40-918A-FC7E24B0880A} = {5C245D31-DDED-4D39-BBC7-28E8403D5632}
	EndGlobalSection
	GlobalSection(ExtensibilityGlobals) = postSolution
		SolutionGuid = {0DD327F2-3B1F-4726-9C61-72AE2099C521}
	EndGlobalSection
EndGlobal
